
Microsoft Visual Studio Solution File, Format Version 12.00
# Visual Studio 15
VisualStudioVersion = 15.0.27004.2002
MinimumVisualStudioVersion = 10.0.40219.1
Project("{FAE04EC0-301F-11D3-BF4B-00C04F79EFBC}") = "Task2", "Task2.csproj", "{AB1E67EC-E529-438F-B556-3C27C7582018}"
EndProject
Global
	GlobalSection(SolutionConfigurationPlatforms) = preSolution
		Debug|Any CPU = Debug|Any CPU
		Release|Any CPU = Release|Any CPU
	EndGlobalSection
	GlobalSection(ProjectConfigurationPlatforms) = postSolution
		{AB1E67EC-E529-438F-B556-3C27C7582018}.Debug|Any CPU.ActiveCfg = Debug|Any CPU
		{AB1E67EC-E529-438F-B556-3C27C7582018}.Debug|Any CPU.Build.0 = Debug|Any CPU
		{AB1E67EC-E529-438F-B556-3C27C7582018}.Release|Any CPU.ActiveCfg = Release|Any CPU
		{AB1E67EC-E529-438F-B556-3C27C7582018}.Release|Any CPU.Build.0 = Release|Any CPU
	EndGlobalSection
	GlobalSection(SolutionProperties) = preSolution
		HideSolutionNode = FALSE
	EndGlobalSection
	GlobalSection(ExtensibilityGlobals) = postSolution
		SolutionGuid = {93213BA3-AF4B-4357-9F3F-666C9778BCC6}
	EndGlobalSection
EndGlobal
